
Microsoft Visual Studio Solution File, Format Version 12.00
# Visual Studio Version 17
VisualStudioVersion = 17.3.32929.385
MinimumVisualStudioVersion = 10.0.40219.1
Project("{FAE04EC0-301F-11D3-BF4B-00C04F79EFBC}") = "CalculatorTest", "CalculatorTest.csproj", "{9FE8D0D7-CE14-4940-987B-9FE1A465C738}"
EndProject
Global
	GlobalSection(SolutionConfigurationPlatforms) = preSolution
		Debug|Any CPU = Debug|Any CPU
		Release|Any CPU = Release|Any CPU
	EndGlobalSection
	GlobalSection(ProjectConfigurationPlatforms) = postSolution
		{9FE8D0D7-CE14-4940-987B-9FE1A465C738}.Debug|Any CPU.ActiveCfg = Debug|Any CPU
		{9FE8D0D7-CE14-4940-987B-9FE1A465C738}.Debug|Any CPU.Build.0 = Debug|Any CPU
		{9FE8D0D7-CE14-4940-987B-9FE1A465C738}.Release|Any CPU.ActiveCfg = Release|Any CPU
		{9FE8D0D7-CE14-4940-987B-9FE1A465C738}.Release|Any CPU.Build.0 = Release|Any CPU
	EndGlobalSection
	GlobalSection(SolutionProperties) = preSolution
		HideSolutionNode = FALSE
	EndGlobalSection
	GlobalSection(ExtensibilityGlobals) = postSolution
		SolutionGuid = {B59EC5B5-2828-4D9B-9293-9C643F3D33A4}
	EndGlobalSection
EndGlobal
